// !$*UTF8*$!
{
	archiveVersion = 1;
	classes = {
	};
	objectVersion = 56;
	objects = {

/* Begin PBXBuildFile section */
		D5447D2B2BC522EB006AE282 /* MergeableResourcesApp.swift in Sources */ = {isa = PBXBuildFile; fileRef = D5447D2A2BC522EB006AE282 /* MergeableResourcesApp.swift */; };
		D5447D2D2BC522EB006AE282 /* ContentView.swift in Sources */ = {isa = PBXBuildFile; fileRef = D5447D2C2BC522EB006AE282 /* ContentView.swift */; };
		D5447D2F2BC522EC006AE282 /* Assets.xcassets in Resources */ = {isa = PBXBuildFile; fileRef = D5447D2E2BC522EC006AE282 /* Assets.xcassets */; };
		D5447D322BC522EC006AE282 /* Preview Assets.xcassets in Resources */ = {isa = PBXBuildFile; fileRef = D5447D312BC522EC006AE282 /* Preview Assets.xcassets */; };
		D5447D402BC5232F006AE282 /* FrameworkWithResources.h in Headers */ = {isa = PBXBuildFile; fileRef = D5447D3F2BC5232F006AE282 /* FrameworkWithResources.h */; settings = {ATTRIBUTES = (Public, ); }; };
		D54C281F2BD001350063D946 /* Resources.swift in Sources */ = {isa = PBXBuildFile; fileRef = D54C281D2BD001350063D946 /* Resources.swift */; };
		D54C28242BD001990063D946 /* Media.xcassets in Resources */ = {isa = PBXBuildFile; fileRef = D54C281E2BD001350063D946 /* Media.xcassets */; };
		D5BD45F72BC7C12300AAA2F9 /* FrameworkWithResources.framework in Frameworks */ = {isa = PBXBuildFile; fileRef = D5447D3D2BC5232F006AE282 /* FrameworkWithResources.framework */; };
		D5C856C92BD0087B0012BAEE /* FrameworkWithResources.framework in Embed Frameworks */ = {isa = PBXBuildFile; fileRef = D5447D3D2BC5232F006AE282 /* FrameworkWithResources.framework */; settings = {ATTRIBUTES = (CodeSignOnCopy, RemoveHeadersOnCopy, ); }; };
/* End PBXBuildFile section */

/* Begin PBXContainerItemProxy section */
		D5447D412BC5232F006AE282 /* PBXContainerItemProxy */ = {
			isa = PBXContainerItemProxy;
			containerPortal = D5447D1F2BC522EB006AE282 /* Project object */;
			proxyType = 1;
			remoteGlobalIDString = D5447D3C2BC5232F006AE282;
			remoteInfo = FrameworkWithResources;
		};
/* End PBXContainerItemProxy section */

/* Begin PBXCopyFilesBuildPhase section */
		D5BD45F92BC7C12300AAA2F9 /* Embed Frameworks */ = {
			isa = PBXCopyFilesBuildPhase;
			buildActionMask = 2147483647;
			dstPath = "";
			dstSubfolderSpec = 10;
			files = (
				D5C856C92BD0087B0012BAEE /* FrameworkWithResources.framework in Embed Frameworks */,
			);
			name = "Embed Frameworks";
			runOnlyForDeploymentPostprocessing = 0;
		};
/* End PBXCopyFilesBuildPhase section */

/* Begin PBXFileReference section */
		D5447D272BC522EB006AE282 /* MergeableResources.app */ = {isa = PBXFileReference; explicitFileType = wrapper.application; includeInIndex = 0; path = MergeableResources.app; sourceTree = BUILT_PRODUCTS_DIR; };
		D5447D2A2BC522EB006AE282 /* MergeableResourcesApp.swift */ = {isa = PBXFileReference; lastKnownFileType = sourcecode.swift; path = MergeableResourcesApp.swift; sourceTree = "<group>"; };
		D5447D2C2BC522EB006AE282 /* ContentView.swift */ = {isa = PBXFileReference; lastKnownFileType = sourcecode.swift; path = ContentView.swift; sourceTree = "<group>"; };
		D5447D2E2BC522EC006AE282 /* Assets.xcassets */ = {isa = PBXFileReference; lastKnownFileType = folder.assetcatalog; path = Assets.xcassets; sourceTree = "<group>"; };
		D5447D312BC522EC006AE282 /* Preview Assets.xcassets */ = {isa = PBXFileReference; lastKnownFileType = folder.assetcatalog; path = "Preview Assets.xcassets"; sourceTree = "<group>"; };
		D5447D3D2BC5232F006AE282 /* FrameworkWithResources.framework */ = {isa = PBXFileReference; explicitFileType = wrapper.framework; includeInIndex = 0; path = FrameworkWithResources.framework; sourceTree = BUILT_PRODUCTS_DIR; };
		D5447D3F2BC5232F006AE282 /* FrameworkWithResources.h */ = {isa = PBXFileReference; lastKnownFileType = sourcecode.c.h; path = FrameworkWithResources.h; sourceTree = "<group>"; };
		D54C281D2BD001350063D946 /* Resources.swift */ = {isa = PBXFileReference; lastKnownFileType = sourcecode.swift; path = Resources.swift; sourceTree = "<group>"; };
		D54C281E2BD001350063D946 /* Media.xcassets */ = {isa = PBXFileReference; lastKnownFileType = folder.assetcatalog; path = Media.xcassets; sourceTree = "<group>"; };
/* End PBXFileReference section */

/* Begin PBXFrameworksBuildPhase section */
		D5447D242BC522EB006AE282 /* Frameworks */ = {
			isa = PBXFrameworksBuildPhase;
			buildActionMask = 2147483647;
			files = (
				D5BD45F72BC7C12300AAA2F9 /* FrameworkWithResources.framework in Frameworks */,
			);
			runOnlyForDeploymentPostprocessing = 0;
		};
		D5447D3A2BC5232F006AE282 /* Frameworks */ = {
			isa = PBXFrameworksBuildPhase;
			buildActionMask = 2147483647;
			files = (
			);
			runOnlyForDeploymentPostprocessing = 0;
		};
/* End PBXFrameworksBuildPhase section */

/* Begin PBXGroup section */
		D5447D1E2BC522EB006AE282 = {
			isa = PBXGroup;
			children = (
				D5447D292BC522EB006AE282 /* MergeableResources */,
				D5447D3E2BC5232F006AE282 /* FrameworkWithResources */,
				D5447D282BC522EB006AE282 /* Products */,
				D54C28252BD002030063D946 /* Frameworks */,
			);
			sourceTree = "<group>";
		};
		D5447D282BC522EB006AE282 /* Products */ = {
			isa = PBXGroup;
			children = (
				D5447D272BC522EB006AE282 /* MergeableResources.app */,
				D5447D3D2BC5232F006AE282 /* FrameworkWithResources.framework */,
			);
			name = Products;
			sourceTree = "<group>";
		};
		D5447D292BC522EB006AE282 /* MergeableResources */ = {
			isa = PBXGroup;
			children = (
				D5447D2A2BC522EB006AE282 /* MergeableResourcesApp.swift */,
				D5447D2C2BC522EB006AE282 /* ContentView.swift */,
				D5447D2E2BC522EC006AE282 /* Assets.xcassets */,
				D5447D302BC522EC006AE282 /* Preview Content */,
			);
			path = MergeableResources;
			sourceTree = "<group>";
		};
		D5447D302BC522EC006AE282 /* Preview Content */ = {
			isa = PBXGroup;
			children = (
				D5447D312BC522EC006AE282 /* Preview Assets.xcassets */,
			);
			path = "Preview Content";
			sourceTree = "<group>";
		};
		D5447D3E2BC5232F006AE282 /* FrameworkWithResources */ = {
			isa = PBXGroup;
			children = (
				D54C281E2BD001350063D946 /* Media.xcassets */,
				D54C281D2BD001350063D946 /* Resources.swift */,
				D5447D3F2BC5232F006AE282 /* FrameworkWithResources.h */,
			);
			path = FrameworkWithResources;
			sourceTree = "<group>";
		};
		D54C28252BD002030063D946 /* Frameworks */ = {
			isa = PBXGroup;
			children = (
			);
			name = Frameworks;
			sourceTree = "<group>";
		};
/* End PBXGroup section */

/* Begin PBXHeadersBuildPhase section */
		D5447D382BC5232F006AE282 /* Headers */ = {
			isa = PBXHeadersBuildPhase;
			buildActionMask = 2147483647;
			files = (
				D5447D402BC5232F006AE282 /* FrameworkWithResources.h in Headers */,
			);
			runOnlyForDeploymentPostprocessing = 0;
		};
/* End PBXHeadersBuildPhase section */

/* Begin PBXNativeTarget section */
		D5447D262BC522EB006AE282 /* MergeableResources */ = {
			isa = PBXNativeTarget;
			buildConfigurationList = D5447D352BC522EC006AE282 /* Build configuration list for PBXNativeTarget "MergeableResources" */;
			buildPhases = (
				D5447D232BC522EB006AE282 /* Sources */,
				D5447D242BC522EB006AE282 /* Frameworks */,
				D5447D252BC522EB006AE282 /* Resources */,
				D5BD45F92BC7C12300AAA2F9 /* Embed Frameworks */,
			);
			buildRules = (
			);
			dependencies = (
				D5447D422BC5232F006AE282 /* PBXTargetDependency */,
			);
			name = MergeableResources;
			productName = MergeableResources;
			productReference = D5447D272BC522EB006AE282 /* MergeableResources.app */;
			productType = "com.apple.product-type.application";
		};
		D5447D3C2BC5232F006AE282 /* FrameworkWithResources */ = {
			isa = PBXNativeTarget;
			buildConfigurationList = D5447D452BC5232F006AE282 /* Build configuration list for PBXNativeTarget "FrameworkWithResources" */;
			buildPhases = (
				D5447D382BC5232F006AE282 /* Headers */,
				D5447D392BC5232F006AE282 /* Sources */,
				D5447D3A2BC5232F006AE282 /* Frameworks */,
				D5447D3B2BC5232F006AE282 /* Resources */,
			);
			buildRules = (
			);
			dependencies = (
			);
			name = FrameworkWithResources;
			productName = FrameworkWithResources;
			productReference = D5447D3D2BC5232F006AE282 /* FrameworkWithResources.framework */;
			productType = "com.apple.product-type.framework";
		};
/* End PBXNativeTarget section */

/* Begin PBXProject section */
		D5447D1F2BC522EB006AE282 /* Project object */ = {
			isa = PBXProject;
			attributes = {
				BuildIndependentTargetsInParallel = 1;
				LastSwiftUpdateCheck = 1530;
				LastUpgradeCheck = 1530;
				TargetAttributes = {
					D5447D262BC522EB006AE282 = {
						CreatedOnToolsVersion = 15.3;
					};
					D5447D3C2BC5232F006AE282 = {
						CreatedOnToolsVersion = 15.3;
						LastSwiftMigration = 1530;
					};
				};
			};
			buildConfigurationList = D5447D222BC522EB006AE282 /* Build configuration list for PBXProject "MergeableResources" */;
			compatibilityVersion = "Xcode 14.0";
			developmentRegion = en;
			hasScannedForEncodings = 0;
			knownRegions = (
				en,
				Base,
			);
			mainGroup = D5447D1E2BC522EB006AE282;
			productRefGroup = D5447D282BC522EB006AE282 /* Products */;
			projectDirPath = "";
			projectRoot = "";
			targets = (
				D5447D262BC522EB006AE282 /* MergeableResources */,
				D5447D3C2BC5232F006AE282 /* FrameworkWithResources */,
			);
		};
/* End PBXProject section */

/* Begin PBXResourcesBuildPhase section */
		D5447D252BC522EB006AE282 /* Resources */ = {
			isa = PBXResourcesBuildPhase;
			buildActionMask = 2147483647;
			files = (
				D5447D322BC522EC006AE282 /* Preview Assets.xcassets in Resources */,
				D5447D2F2BC522EC006AE282 /* Assets.xcassets in Resources */,
			);
			runOnlyForDeploymentPostprocessing = 0;
		};
		D5447D3B2BC5232F006AE282 /* Resources */ = {
			isa = PBXResourcesBuildPhase;
			buildActionMask = 2147483647;
			files = (
				D54C28242BD001990063D946 /* Media.xcassets in Resources */,
			);
			runOnlyForDeploymentPostprocessing = 0;
		};
/* End PBXResourcesBuildPhase section */

/* Begin PBXSourcesBuildPhase section */
		D5447D232BC522EB006AE282 /* Sources */ = {
			isa = PBXSourcesBuildPhase;
			buildActionMask = 2147483647;
			files = (
				D5447D2D2BC522EB006AE282 /* ContentView.swift in Sources */,
				D5447D2B2BC522EB006AE282 /* MergeableResourcesApp.swift in Sources */,
			);
			runOnlyForDeploymentPostprocessing = 0;
		};
		D5447D392BC5232F006AE282 /* Sources */ = {
			isa = PBXSourcesBuildPhase;
			buildActionMask = 2147483647;
			files = (
				D54C281F2BD001350063D946 /* Resources.swift in Sources */,
			);
			runOnlyForDeploymentPostprocessing = 0;
		};
/* End PBXSourcesBuildPhase section */

/* Begin PBXTargetDependency section */
		D5447D422BC5232F006AE282 /* PBXTargetDependency */ = {
			isa = PBXTargetDependency;
			target = D5447D3C2BC5232F006AE282 /* FrameworkWithResources */;
			targetProxy = D5447D412BC5232F006AE282 /* PBXContainerItemProxy */;
		};
/* End PBXTargetDependency section */

/* Begin XCBuildConfiguration section */
		D5447D332BC522EC006AE282 /* Debug */ = {
			isa = XCBuildConfiguration;
			buildSettings = {
				ALWAYS_SEARCH_USER_PATHS = NO;
				ASSETCATALOG_COMPILER_GENERATE_SWIFT_ASSET_SYMBOL_EXTENSIONS = YES;
				CLANG_ANALYZER_NONNULL = YES;
				CLANG_ANALYZER_NUMBER_OBJECT_CONVERSION = YES_AGGRESSIVE;
				CLANG_CXX_LANGUAGE_STANDARD = "gnu++20";
				CLANG_ENABLE_MODULES = YES;
				CLANG_ENABLE_OBJC_ARC = YES;
				CLANG_ENABLE_OBJC_WEAK = YES;
				CLANG_WARN_BLOCK_CAPTURE_AUTORELEASING = YES;
				CLANG_WARN_BOOL_CONVERSION = YES;
				CLANG_WARN_COMMA = YES;
				CLANG_WARN_CONSTANT_CONVERSION = YES;
				CLANG_WARN_DEPRECATED_OBJC_IMPLEMENTATIONS = YES;
				CLANG_WARN_DIRECT_OBJC_ISA_USAGE = YES_ERROR;
				CLANG_WARN_DOCUMENTATION_COMMENTS = YES;
				CLANG_WARN_EMPTY_BODY = YES;
				CLANG_WARN_ENUM_CONVERSION = YES;
				CLANG_WARN_INFINITE_RECURSION = YES;
				CLANG_WARN_INT_CONVERSION = YES;
				CLANG_WARN_NON_LITERAL_NULL_CONVERSION = YES;
				CLANG_WARN_OBJC_IMPLICIT_RETAIN_SELF = YES;
				CLANG_WARN_OBJC_LITERAL_CONVERSION = YES;
				CLANG_WARN_OBJC_ROOT_CLASS = YES_ERROR;
				CLANG_WARN_QUOTED_INCLUDE_IN_FRAMEWORK_HEADER = YES;
				CLANG_WARN_RANGE_LOOP_ANALYSIS = YES;
				CLANG_WARN_STRICT_PROTOTYPES = YES;
				CLANG_WARN_SUSPICIOUS_MOVE = YES;
				CLANG_WARN_UNGUARDED_AVAILABILITY = YES_AGGRESSIVE;
				CLANG_WARN_UNREACHABLE_CODE = YES;
				CLANG_WARN__DUPLICATE_METHOD_MATCH = YES;
				COPY_PHASE_STRIP = NO;
				DEBUG_INFORMATION_FORMAT = dwarf;
				ENABLE_STRICT_OBJC_MSGSEND = YES;
				ENABLE_TESTABILITY = YES;
				ENABLE_USER_SCRIPT_SANDBOXING = YES;
				GCC_C_LANGUAGE_STANDARD = gnu17;
				GCC_DYNAMIC_NO_PIC = NO;
				GCC_NO_COMMON_BLOCKS = YES;
				GCC_OPTIMIZATION_LEVEL = 0;
				GCC_PREPROCESSOR_DEFINITIONS = (
					"DEBUG=1",
					"$(inherited)",
				);
				GCC_WARN_64_TO_32_BIT_CONVERSION = YES;
				GCC_WARN_ABOUT_RETURN_TYPE = YES_ERROR;
				GCC_WARN_UNDECLARED_SELECTOR = YES;
				GCC_WARN_UNINITIALIZED_AUTOS = YES_AGGRESSIVE;
				GCC_WARN_UNUSED_FUNCTION = YES;
				GCC_WARN_UNUSED_VARIABLE = YES;
				IPHONEOS_DEPLOYMENT_TARGET = 17.4;
				LOCALIZATION_PREFERS_STRING_CATALOGS = YES;
				MTL_ENABLE_DEBUG_INFO = INCLUDE_SOURCE;
				MTL_FAST_MATH = YES;
				ONLY_ACTIVE_ARCH = YES;
				SDKROOT = iphoneos;
				SWIFT_ACTIVE_COMPILATION_CONDITIONS = "DEBUG $(inherited)";
				SWIFT_OPTIMIZATION_LEVEL = "-Onone";
			};
			name = Debug;
		};
		D5447D342BC522EC006AE282 /* Release */ = {
			isa = XCBuildConfiguration;
			buildSettings = {
				ALWAYS_SEARCH_USER_PATHS = NO;
				ASSETCATALOG_COMPILER_GENERATE_SWIFT_ASSET_SYMBOL_EXTENSIONS = YES;
				CLANG_ANALYZER_NONNULL = YES;
				CLANG_ANALYZER_NUMBER_OBJECT_CONVERSION = YES_AGGRESSIVE;
				CLANG_CXX_LANGUAGE_STANDARD = "gnu++20";
				CLANG_ENABLE_MODULES = YES;
				CLANG_ENABLE_OBJC_ARC = YES;
				CLANG_ENABLE_OBJC_WEAK = YES;
				CLANG_WARN_BLOCK_CAPTURE_AUTORELEASING = YES;
				CLANG_WARN_BOOL_CONVERSION = YES;
				CLANG_WARN_COMMA = YES;
				CLANG_WARN_CONSTANT_CONVERSION = YES;
				CLANG_WARN_DEPRECATED_OBJC_IMPLEMENTATIONS = YES;
				CLANG_WARN_DIRECT_OBJC_ISA_USAGE = YES_ERROR;
				CLANG_WARN_DOCUMENTATION_COMMENTS = YES;
				CLANG_WARN_EMPTY_BODY = YES;
				CLANG_WARN_ENUM_CONVERSION = YES;
				CLANG_WARN_INFINITE_RECURSION = YES;
				CLANG_WARN_INT_CONVERSION = YES;
				CLANG_WARN_NON_LITERAL_NULL_CONVERSION = YES;
				CLANG_WARN_OBJC_IMPLICIT_RETAIN_SELF = YES;
				CLANG_WARN_OBJC_LITERAL_CONVERSION = YES;
				CLANG_WARN_OBJC_ROOT_CLASS = YES_ERROR;
				CLANG_WARN_QUOTED_INCLUDE_IN_FRAMEWORK_HEADER = YES;
				CLANG_WARN_RANGE_LOOP_ANALYSIS = YES;
				CLANG_WARN_STRICT_PROTOTYPES = YES;
				CLANG_WARN_SUSPICIOUS_MOVE = YES;
				CLANG_WARN_UNGUARDED_AVAILABILITY = YES_AGGRESSIVE;
				CLANG_WARN_UNREACHABLE_CODE = YES;
				CLANG_WARN__DUPLICATE_METHOD_MATCH = YES;
				COPY_PHASE_STRIP = NO;
				DEBUG_INFORMATION_FORMAT = "dwarf-with-dsym";
				ENABLE_NS_ASSERTIONS = NO;
				ENABLE_STRICT_OBJC_MSGSEND = YES;
				ENABLE_USER_SCRIPT_SANDBOXING = YES;
				GCC_C_LANGUAGE_STANDARD = gnu17;
				GCC_NO_COMMON_BLOCKS = YES;
				GCC_WARN_64_TO_32_BIT_CONVERSION = YES;
				GCC_WARN_ABOUT_RETURN_TYPE = YES_ERROR;
				GCC_WARN_UNDECLARED_SELECTOR = YES;
				GCC_WARN_UNINITIALIZED_AUTOS = YES_AGGRESSIVE;
				GCC_WARN_UNUSED_FUNCTION = YES;
				GCC_WARN_UNUSED_VARIABLE = YES;
				IPHONEOS_DEPLOYMENT_TARGET = 17.4;
				LOCALIZATION_PREFERS_STRING_CATALOGS = YES;
				MTL_ENABLE_DEBUG_INFO = NO;
				MTL_FAST_MATH = YES;
				SDKROOT = iphoneos;
				SWIFT_COMPILATION_MODE = wholemodule;
				VALIDATE_PRODUCT = YES;
			};
			name = Release;
		};
		D5447D362BC522EC006AE282 /* Debug */ = {
			isa = XCBuildConfiguration;
			buildSettings = {
				ALWAYS_EMBED_SWIFT_STANDARD_LIBRARIES = YES;
				ASSETCATALOG_COMPILER_APPICON_NAME = AppIcon;
				ASSETCATALOG_COMPILER_GLOBAL_ACCENT_COLOR_NAME = AccentColor;
				CODE_SIGN_STYLE = Automatic;
				CURRENT_PROJECT_VERSION = 1;
				DEVELOPMENT_ASSET_PATHS = "\"MergeableResources/Preview Content\"";
				DEVELOPMENT_TEAM = LRA2GZ8MU6;
				ENABLE_PREVIEWS = YES;
				GENERATE_INFOPLIST_FILE = YES;
				INFOPLIST_KEY_UIApplicationSceneManifest_Generation = YES;
				INFOPLIST_KEY_UIApplicationSupportsIndirectInputEvents = YES;
				INFOPLIST_KEY_UILaunchScreen_Generation = YES;
				INFOPLIST_KEY_UISupportedInterfaceOrientations_iPad = "UIInterfaceOrientationPortrait UIInterfaceOrientationPortraitUpsideDown UIInterfaceOrientationLandscapeLeft UIInterfaceOrientationLandscapeRight";
				INFOPLIST_KEY_UISupportedInterfaceOrientations_iPhone = "UIInterfaceOrientationPortrait UIInterfaceOrientationLandscapeLeft UIInterfaceOrientationLandscapeRight";
				LD_RUNPATH_SEARCH_PATHS = (
					"$(inherited)",
					"@executable_path/Frameworks",
				);
				MARKETING_VERSION = 1.0;
				MERGED_BINARY_TYPE = manual;
				PRODUCT_BUNDLE_IDENTIFIER = "com.george-labs.MergeableResources";
				PRODUCT_NAME = "$(TARGET_NAME)";
				SWIFT_EMIT_LOC_STRINGS = YES;
				SWIFT_VERSION = 5.0;
				TARGETED_DEVICE_FAMILY = "1,2";
			};
			name = Debug;
		};
		D5447D372BC522EC006AE282 /* Release */ = {
			isa = XCBuildConfiguration;
			buildSettings = {
				ALWAYS_EMBED_SWIFT_STANDARD_LIBRARIES = YES;
				ASSETCATALOG_COMPILER_APPICON_NAME = AppIcon;
				ASSETCATALOG_COMPILER_GLOBAL_ACCENT_COLOR_NAME = AccentColor;
				CODE_SIGN_STYLE = Automatic;
				CURRENT_PROJECT_VERSION = 1;
				DEVELOPMENT_ASSET_PATHS = "\"MergeableResources/Preview Content\"";
				DEVELOPMENT_TEAM = LRA2GZ8MU6;
				ENABLE_PREVIEWS = YES;
				GENERATE_INFOPLIST_FILE = YES;
				INFOPLIST_KEY_UIApplicationSceneManifest_Generation = YES;
				INFOPLIST_KEY_UIApplicationSupportsIndirectInputEvents = YES;
				INFOPLIST_KEY_UILaunchScreen_Generation = YES;
				INFOPLIST_KEY_UISupportedInterfaceOrientations_iPad = "UIInterfaceOrientationPortrait UIInterfaceOrientationPortraitUpsideDown UIInterfaceOrientationLandscapeLeft UIInterfaceOrientationLandscapeRight";
				INFOPLIST_KEY_UISupportedInterfaceOrientations_iPhone = "UIInterfaceOrientationPortrait UIInterfaceOrientationLandscapeLeft UIInterfaceOrientationLandscapeRight";
				LD_RUNPATH_SEARCH_PATHS = (
					"$(inherited)",
					"@executable_path/Frameworks",
				);
				MARKETING_VERSION = 1.0;
				MERGED_BINARY_TYPE = manual;
				PRODUCT_BUNDLE_IDENTIFIER = "com.george-labs.MergeableResources";
				PRODUCT_NAME = "$(TARGET_NAME)";
				SWIFT_EMIT_LOC_STRINGS = YES;
				SWIFT_VERSION = 5.0;
				TARGETED_DEVICE_FAMILY = "1,2";
			};
			name = Release;
		};
		D5447D462BC5232F006AE282 /* Debug */ = {
			isa = XCBuildConfiguration;
			buildSettings = {
				BUILD_LIBRARY_FOR_DISTRIBUTION = YES;
				CLANG_ENABLE_MODULES = YES;
				CODE_SIGN_STYLE = Automatic;
				CURRENT_PROJECT_VERSION = 1;
				DEFINES_MODULE = YES;
				DEVELOPMENT_TEAM = LRA2GZ8MU6;
				DYLIB_COMPATIBILITY_VERSION = 1;
				DYLIB_CURRENT_VERSION = 1;
				DYLIB_INSTALL_NAME_BASE = "@rpath";
				ENABLE_MODULE_VERIFIER = YES;
				GENERATE_INFOPLIST_FILE = YES;
				INFOPLIST_KEY_NSHumanReadableCopyright = "";
				INSTALL_PATH = "$(LOCAL_LIBRARY_DIR)/Frameworks";
				LD_RUNPATH_SEARCH_PATHS = (
					"$(inherited)",
					"@executable_path/Frameworks",
					"@loader_path/Frameworks",
				);
				MARKETING_VERSION = 1.0;
				MERGEABLE_LIBRARY = YES;
				MODULE_VERIFIER_SUPPORTED_LANGUAGES = "objective-c objective-c++";
				MODULE_VERIFIER_SUPPORTED_LANGUAGE_STANDARDS = "gnu17 gnu++20";
				PRODUCT_BUNDLE_IDENTIFIER = "com.george-labs.FrameworkWithResources";
				PRODUCT_NAME = "$(TARGET_NAME:c99extidentifier)";
				SKIP_INSTALL = YES;
				SWIFT_EMIT_LOC_STRINGS = YES;
				SWIFT_INSTALL_OBJC_HEADER = NO;
				SWIFT_OPTIMIZATION_LEVEL = "-Onone";
				SWIFT_VERSION = 5.0;
				TARGETED_DEVICE_FAMILY = "1,2";
				VERSIONING_SYSTEM = "apple-generic";
				VERSION_INFO_PREFIX = "";
			};
			name = Debug;
		};
		D5447D472BC5232F006AE282 /* Release */ = {
			isa = XCBuildConfiguration;
			buildSettings = {
				BUILD_LIBRARY_FOR_DISTRIBUTION = YES;
				CLANG_ENABLE_MODULES = YES;
				CODE_SIGN_STYLE = Automatic;
				CURRENT_PROJECT_VERSION = 1;
				DEFINES_MODULE = YES;
				DEVELOPMENT_TEAM = LRA2GZ8MU6;
				DYLIB_COMPATIBILITY_VERSION = 1;
				DYLIB_CURRENT_VERSION = 1;
				DYLIB_INSTALL_NAME_BASE = "@rpath";
				ENABLE_MODULE_VERIFIER = YES;
				GENERATE_INFOPLIST_FILE = YES;
				INFOPLIST_KEY_NSHumanReadableCopyright = "";
				INSTALL_PATH = "$(LOCAL_LIBRARY_DIR)/Frameworks";
				LD_RUNPATH_SEARCH_PATHS = (
					"$(inherited)",
					"@executable_path/Frameworks",
					"@loader_path/Frameworks",
				);
				MARKETING_VERSION = 1.0;
				MERGEABLE_LIBRARY = YES;
				MODULE_VERIFIER_SUPPORTED_LANGUAGES = "objective-c objective-c++";
				MODULE_VERIFIER_SUPPORTED_LANGUAGE_STANDARDS = "gnu17 gnu++20";
				PRODUCT_BUNDLE_IDENTIFIER = "com.george-labs.FrameworkWithResources";
				PRODUCT_NAME = "$(TARGET_NAME:c99extidentifier)";
				SKIP_INSTALL = YES;
				SWIFT_EMIT_LOC_STRINGS = YES;
				SWIFT_INSTALL_OBJC_HEADER = NO;
				SWIFT_VERSION = 5.0;
				TARGETED_DEVICE_FAMILY = "1,2";
				VERSIONING_SYSTEM = "apple-generic";
				VERSION_INFO_PREFIX = "";
			};
			name = Release;
		};
/* End XCBuildConfiguration section */

/* Begin XCConfigurationList section */
		D5447D222BC522EB006AE282 /* Build configuration list for PBXProject "MergeableResources" */ = {
			isa = XCConfigurationList;
			buildConfigurations = (
				D5447D332BC522EC006AE282 /* Debug */,
				D5447D342BC522EC006AE282 /* Release */,
			);
			defaultConfigurationIsVisible = 0;
			defaultConfigurationName = Release;
		};
		D5447D352BC522EC006AE282 /* Build configuration list for PBXNativeTarget "MergeableResources" */ = {
			isa = XCConfigurationList;
			buildConfigurations = (
				D5447D362BC522EC006AE282 /* Debug */,
				D5447D372BC522EC006AE282 /* Release */,
			);
			defaultConfigurationIsVisible = 0;
			defaultConfigurationName = Release;
		};
		D5447D452BC5232F006AE282 /* Build configuration list for PBXNativeTarget "FrameworkWithResources" */ = {
			isa = XCConfigurationList;
			buildConfigurations = (
				D5447D462BC5232F006AE282 /* Debug */,
				D5447D472BC5232F006AE282 /* Release */,
			);
			defaultConfigurationIsVisible = 0;
			defaultConfigurationName = Release;
		};
/* End XCConfigurationList section */
	};
	rootObject = D5447D1F2BC522EB006AE282 /* Project object */;
}
